{
    "name": "django-user-profile",
    "version": "0.0.1",
    "lockfileVersion": 3,
    "requires": true,
    "packages": {
        "": {
            "name": "django-user-profile",
            "version": "0.0.1",
            "dependencies": {
                "django-user-profile": "file:"
            },
            "engines": {
                "node": ">=10.0.0"
            }
        },
        "node_modules/django-user-profile": {
            "resolved": "",
            "link": true
        }
    }
}
